{
  "name": "web-checklists",
  "version": "0.1.0",
  "lockfileVersion": 1,
  "requires": true,
  "dependencies": {
    "fnv-lite": {
      "version": "1.2.0",
      "resolved": "https://registry.npmjs.org/fnv-lite/-/fnv-lite-1.2.0.tgz",
      "integrity": "sha1-8M8iHqTw14iy5MXDizJ4hmMbIIo="
    },
    "typescript": {
      "version": "3.0.0-dev.20180707",
      "resolved": "https://registry.npmjs.org/typescript/-/typescript-3.0.0-dev.20180707.tgz",
      "integrity": "sha512-AP1tZuUy4CW716f/m2F8LK6U25x/FV1+96hTnruCHiuFFIUx8XbFH8h/0azebb7xNvxGollTraW8VQxD29VFCA==",
      "dev": true
    }
  }
}
