{
  "name": "web-checklists",
  "version": "0.1.0",
  "lockfileVersion": 1,
  "requires": true,
  "dependencies": {
    "tinytest": {
      "version": "1.1.5",
      "resolved": "https://registry.npmjs.org/tinytest/-/tinytest-1.1.5.tgz",
      "integrity": "sha512-6EF83+Z2jrS7nEiwEoDyqXkWfwpcE/Y1m/Mz5HNsPoqPvk+ohnd4OI/mbZp97vinYnIWtQh7KnUzWyZiy6g/IQ==",
      "dev": true
    },
    "typescript": {
      "version": "3.0.0-dev.20180707",
      "resolved": "https://registry.npmjs.org/typescript/-/typescript-3.0.0-dev.20180707.tgz",
      "integrity": "sha512-AP1tZuUy4CW716f/m2F8LK6U25x/FV1+96hTnruCHiuFFIUx8XbFH8h/0azebb7xNvxGollTraW8VQxD29VFCA==",
      "dev": true
    }
  }
}
